{
  "version": 4,
  "terraform_version": "1.4.6",
  "serial": 64,
  "lineage": "c12d1250-d7e4-acdd-cf8d-af9051ff5533",
  "outputs": {},
  "resources": [
    {
      "module": "module.cloud_run[\"admin-service\"]",
      "mode": "managed",
      "type": "google_cloud_run_service",
      "name": "main",
      "provider": "provider[\"registry.terraform.io/hashicorp/google-beta\"]",
      "instances": [
        {
          "status": "tainted",
          "schema_version": 2,
          "attributes": {
            "autogenerate_revision_name": true,
            "id": "locations/us-central1/namespaces/rohan-orbit/services/admin-service",
            "location": "us-central1",
            "metadata": [
              {
                "annotations": {
                  "run.googleapis.com/ingress": "internal"
                },
                "effective_annotations": {
                  "run.googleapis.com/ingress": "internal"
                },
                "effective_labels": {},
                "generation": 0,
                "labels": null,
                "namespace": "",
                "resource_version": "",
                "self_link": "",
                "terraform_labels": {},
                "uid": ""
              }
            ],
            "name": "admin-service",
            "project": "rohan-orbit",
            "status": null,
            "template": [
              {
                "metadata": [
                  {
                    "annotations": {
                      "autoscaling.knative.dev/maxScale": "2",
                      "autoscaling.knative.dev/minScale": "1",
                      "generated-by": "",
                      "run.googleapis.com/client-name": "terraform",
                      "run.googleapis.com/cpu-throttling": "",
                      "run.googleapis.com/startup-cpu-boost": "true",
                      "run.googleapis.com/vpc-access-connector": "dev_connector",
                      "run.googleapis.com/vpc-access-egress": "all-traffic"
                    },
                    "generation": 0,
                    "labels": {},
                    "name": "",
                    "namespace": "",
                    "resource_version": "",
                    "self_link": "",
                    "uid": ""
                  }
                ],
                "spec": [
                  {
                    "container_concurrency": 0,
                    "containers": [
                      {
                        "args": [],
                        "command": [],
                        "env": [
                          {
                            "name": "GEO_DB_DRIVER_CLASSNAME",
                            "value": "",
                            "value_from": [
                              {
                                "secret_key_ref": [
                                  {
                                    "key": "latest",
                                    "name": "geo_db_driver_classname"
                                  }
                                ]
                              }
                            ]
                          },
                          {
                            "name": "GEO_DB_PASSWORD",
                            "value": "",
                            "value_from": [
                              {
                                "secret_key_ref": [
                                  {
                                    "key": "latest",
                                    "name": "geo_db_password"
                                  }
                                ]
                              }
                            ]
                          },
                          {
                            "name": "GEO_DB_URL",
                            "value": "",
                            "value_from": [
                              {
                                "secret_key_ref": [
                                  {
                                    "key": "latest",
                                    "name": "geo_db_url"
                                  }
                                ]
                              }
                            ]
                          },
                          {
                            "name": "GEO_DB_USERNAME",
                            "value": "",
                            "value_from": [
                              {
                                "secret_key_ref": [
                                  {
                                    "key": "latest",
                                    "name": "geo_db_username"
                                  }
                                ]
                              }
                            ]
                          }
                        ],
                        "env_from": [],
                        "image": "us-central1-docker.pkg.dev/rohan-orbit/helloworld-repo/helloworld/latest",
                        "liveness_probe": [],
                        "name": "",
                        "ports": [
                          {
                            "container_port": 8080,
                            "name": "http1",
                            "protocol": ""
                          }
                        ],
                        "resources": [
                          {
                            "limits": {
                              "cpu": "2",
                              "memory": "4000M"
                            },
                            "requests": null
                          }
                        ],
                        "startup_probe": [],
                        "volume_mounts": [],
                        "working_dir": ""
                      }
                    ],
                    "service_account_name": "",
                    "serving_state": "",
                    "timeout_seconds": 120,
                    "volumes": []
                  }
                ]
              }
            ],
            "timeouts": null,
            "traffic": [
              {
                "latest_revision": true,
                "percent": 100,
                "revision_name": "",
                "tag": "",
                "url": ""
              }
            ]
          },
          "sensitive_attributes": [],
          "private": "eyJlMmJmYjczMC1lY2FhLTExZTYtOGY4OC0zNDM2M2JjN2M0YzAiOnsiY3JlYXRlIjoxMjAwMDAwMDAwMDAwLCJkZWxldGUiOjEyMDAwMDAwMDAwMDAsInVwZGF0ZSI6MTIwMDAwMDAwMDAwMH0sInNjaGVtYV92ZXJzaW9uIjoiMiJ9",
          "dependencies": [
            "module.serverless_project_apis.data.google_compute_default_service_account.default",
            "module.serverless_project_apis.google_project_iam_member.project_service_identity_roles",
            "module.serverless_project_apis.google_project_service.project_services",
            "module.serverless_project_apis.google_project_service_identity.project_service_identities"
          ]
        }
      ]
    },
    {
      "module": "module.cloud_run[\"admin-service\"].module.cloudrun_service_account[0]",
      "mode": "managed",
      "type": "google_project_iam_member",
      "name": "project-roles",
      "provider": "provider[\"registry.terraform.io/hashicorp/google\"]",
      "instances": [
        {
          "index_key": "admin-service-sa-rohan-orbit=\u003eroles/errorreporting.writer",
          "schema_version": 0,
          "attributes": {
            "condition": [],
            "etag": "BwYW6w1ujBE=",
            "id": "rohan-orbit/roles/errorreporting.writer/serviceAccount:admin-service-sa@rohan-orbit.iam.gserviceaccount.com",
            "member": "serviceAccount:admin-service-sa@rohan-orbit.iam.gserviceaccount.com",
            "project": "rohan-orbit",
            "role": "roles/errorreporting.writer"
          },
          "sensitive_attributes": [],
          "private": "bnVsbA==",
          "dependencies": [
            "module.cloud_run.module.cloudrun_service_account.google_service_account.service_accounts",
            "module.serverless_project_apis.data.google_compute_default_service_account.default",
            "module.serverless_project_apis.google_project_iam_member.project_service_identity_roles",
            "module.serverless_project_apis.google_project_service.project_services",
            "module.serverless_project_apis.google_project_service_identity.project_service_identities"
          ]
        },
        {
          "index_key": "admin-service-sa-rohan-orbit=\u003eroles/secretmanager.secretAccessor",
          "schema_version": 0,
          "attributes": {
            "condition": [],
            "etag": "BwYW6w1ujBE=",
            "id": "rohan-orbit/roles/secretmanager.secretAccessor/serviceAccount:admin-service-sa@rohan-orbit.iam.gserviceaccount.com",
            "member": "serviceAccount:admin-service-sa@rohan-orbit.iam.gserviceaccount.com",
            "project": "rohan-orbit",
            "role": "roles/secretmanager.secretAccessor"
          },
          "sensitive_attributes": [],
          "private": "bnVsbA==",
          "dependencies": [
            "module.cloud_run.module.cloudrun_service_account.google_service_account.service_accounts",
            "module.serverless_project_apis.data.google_compute_default_service_account.default",
            "module.serverless_project_apis.google_project_iam_member.project_service_identity_roles",
            "module.serverless_project_apis.google_project_service.project_services",
            "module.serverless_project_apis.google_project_service_identity.project_service_identities"
          ]
        }
      ]
    },
    {
      "module": "module.cloud_run[\"admin-service\"].module.cloudrun_service_account[0]",
      "mode": "managed",
      "type": "google_service_account",
      "name": "service_accounts",
      "provider": "provider[\"registry.terraform.io/hashicorp/google\"]",
      "instances": [
        {
          "index_key": "admin-service-sa",
          "schema_version": 0,
          "attributes": {
            "account_id": "admin-service-sa",
            "description": "",
            "disabled": false,
            "display_name": "Terraform-managed service account",
            "email": "admin-service-sa@rohan-orbit.iam.gserviceaccount.com",
            "id": "projects/rohan-orbit/serviceAccounts/admin-service-sa@rohan-orbit.iam.gserviceaccount.com",
            "name": "projects/rohan-orbit/serviceAccounts/admin-service-sa@rohan-orbit.iam.gserviceaccount.com",
            "project": "rohan-orbit",
            "timeouts": null,
            "unique_id": "104526587209000442269"
          },
          "sensitive_attributes": [],
          "private": "eyJlMmJmYjczMC1lY2FhLTExZTYtOGY4OC0zNDM2M2JjN2M0YzAiOnsiY3JlYXRlIjozMDAwMDAwMDAwMDB9fQ==",
          "dependencies": [
            "module.serverless_project_apis.data.google_compute_default_service_account.default",
            "module.serverless_project_apis.google_project_iam_member.project_service_identity_roles",
            "module.serverless_project_apis.google_project_service.project_services",
            "module.serverless_project_apis.google_project_service_identity.project_service_identities"
          ]
        }
      ]
    },
    {
      "module": "module.cloud_run[\"data-service\"]",
      "mode": "managed",
      "type": "google_cloud_run_service",
      "name": "main",
      "provider": "provider[\"registry.terraform.io/hashicorp/google-beta\"]",
      "instances": [
        {
          "status": "tainted",
          "schema_version": 2,
          "attributes": {
            "autogenerate_revision_name": true,
            "id": "locations/us-central1/namespaces/rohan-orbit/services/data-service",
            "location": "us-central1",
            "metadata": [
              {
                "annotations": {
                  "run.googleapis.com/ingress": "internal"
                },
                "effective_annotations": {
                  "run.googleapis.com/ingress": "internal"
                },
                "effective_labels": {},
                "generation": 0,
                "labels": null,
                "namespace": "",
                "resource_version": "",
                "self_link": "",
                "terraform_labels": {},
                "uid": ""
              }
            ],
            "name": "data-service",
            "project": "rohan-orbit",
            "status": null,
            "template": [
              {
                "metadata": [
                  {
                    "annotations": {
                      "autoscaling.knative.dev/maxScale": "2",
                      "autoscaling.knative.dev/minScale": "1",
                      "generated-by": "",
                      "run.googleapis.com/client-name": "terraform",
                      "run.googleapis.com/cpu-throttling": "",
                      "run.googleapis.com/startup-cpu-boost": "true",
                      "run.googleapis.com/vpc-access-connector": "dev_connector",
                      "run.googleapis.com/vpc-access-egress": "all-traffic"
                    },
                    "generation": 0,
                    "labels": {},
                    "name": "",
                    "namespace": "",
                    "resource_version": "",
                    "self_link": "",
                    "uid": ""
                  }
                ],
                "spec": [
                  {
                    "container_concurrency": 0,
                    "containers": [
                      {
                        "args": [],
                        "command": [],
                        "env": [
                          {
                            "name": "GEO_DB_DRIVER_CLASSNAME",
                            "value": "",
                            "value_from": [
                              {
                                "secret_key_ref": [
                                  {
                                    "key": "latest",
                                    "name": "geo_db_driver_classname"
                                  }
                                ]
                              }
                            ]
                          },
                          {
                            "name": "GEO_DB_PASSWORD",
                            "value": "",
                            "value_from": [
                              {
                                "secret_key_ref": [
                                  {
                                    "key": "latest",
                                    "name": "geo_db_password"
                                  }
                                ]
                              }
                            ]
                          },
                          {
                            "name": "GEO_DB_URL",
                            "value": "",
                            "value_from": [
                              {
                                "secret_key_ref": [
                                  {
                                    "key": "latest",
                                    "name": "geo_db_url"
                                  }
                                ]
                              }
                            ]
                          },
                          {
                            "name": "GEO_DB_USERNAME",
                            "value": "",
                            "value_from": [
                              {
                                "secret_key_ref": [
                                  {
                                    "key": "latest",
                                    "name": "geo_db_username"
                                  }
                                ]
                              }
                            ]
                          }
                        ],
                        "env_from": [],
                        "image": "us-central1-docker.pkg.dev/rohan-orbit/helloworld-repo/helloworld/latest",
                        "liveness_probe": [],
                        "name": "",
                        "ports": [
                          {
                            "container_port": 8081,
                            "name": "http1",
                            "protocol": ""
                          }
                        ],
                        "resources": [
                          {
                            "limits": {
                              "cpu": "2",
                              "memory": "4000M"
                            },
                            "requests": null
                          }
                        ],
                        "startup_probe": [],
                        "volume_mounts": [],
                        "working_dir": ""
                      }
                    ],
                    "service_account_name": "",
                    "serving_state": "",
                    "timeout_seconds": 120,
                    "volumes": []
                  }
                ]
              }
            ],
            "timeouts": null,
            "traffic": [
              {
                "latest_revision": true,
                "percent": 100,
                "revision_name": "",
                "tag": "",
                "url": ""
              }
            ]
          },
          "sensitive_attributes": [],
          "private": "eyJlMmJmYjczMC1lY2FhLTExZTYtOGY4OC0zNDM2M2JjN2M0YzAiOnsiY3JlYXRlIjoxMjAwMDAwMDAwMDAwLCJkZWxldGUiOjEyMDAwMDAwMDAwMDAsInVwZGF0ZSI6MTIwMDAwMDAwMDAwMH0sInNjaGVtYV92ZXJzaW9uIjoiMiJ9",
          "dependencies": [
            "module.serverless_project_apis.data.google_compute_default_service_account.default",
            "module.serverless_project_apis.google_project_iam_member.project_service_identity_roles",
            "module.serverless_project_apis.google_project_service.project_services",
            "module.serverless_project_apis.google_project_service_identity.project_service_identities"
          ]
        }
      ]
    },
    {
      "module": "module.cloud_run[\"data-service\"].module.cloudrun_service_account[0]",
      "mode": "managed",
      "type": "google_project_iam_member",
      "name": "project-roles",
      "provider": "provider[\"registry.terraform.io/hashicorp/google\"]",
      "instances": [
        {
          "index_key": "data-service-sa-rohan-orbit=\u003eroles/errorreporting.writer",
          "schema_version": 0,
          "attributes": {
            "condition": [],
            "etag": "BwYW6w1ujBE=",
            "id": "rohan-orbit/roles/errorreporting.writer/serviceAccount:data-service-sa@rohan-orbit.iam.gserviceaccount.com",
            "member": "serviceAccount:data-service-sa@rohan-orbit.iam.gserviceaccount.com",
            "project": "rohan-orbit",
            "role": "roles/errorreporting.writer"
          },
          "sensitive_attributes": [],
          "private": "bnVsbA==",
          "dependencies": [
            "module.cloud_run.module.cloudrun_service_account.google_service_account.service_accounts",
            "module.serverless_project_apis.data.google_compute_default_service_account.default",
            "module.serverless_project_apis.google_project_iam_member.project_service_identity_roles",
            "module.serverless_project_apis.google_project_service.project_services",
            "module.serverless_project_apis.google_project_service_identity.project_service_identities"
          ]
        },
        {
          "index_key": "data-service-sa-rohan-orbit=\u003eroles/secretmanager.secretAccessor",
          "schema_version": 0,
          "attributes": {
            "condition": [],
            "etag": "BwYW6w1ujBE=",
            "id": "rohan-orbit/roles/secretmanager.secretAccessor/serviceAccount:data-service-sa@rohan-orbit.iam.gserviceaccount.com",
            "member": "serviceAccount:data-service-sa@rohan-orbit.iam.gserviceaccount.com",
            "project": "rohan-orbit",
            "role": "roles/secretmanager.secretAccessor"
          },
          "sensitive_attributes": [],
          "private": "bnVsbA==",
          "dependencies": [
            "module.cloud_run.module.cloudrun_service_account.google_service_account.service_accounts",
            "module.serverless_project_apis.data.google_compute_default_service_account.default",
            "module.serverless_project_apis.google_project_iam_member.project_service_identity_roles",
            "module.serverless_project_apis.google_project_service.project_services",
            "module.serverless_project_apis.google_project_service_identity.project_service_identities"
          ]
        }
      ]
    },
    {
      "module": "module.cloud_run[\"data-service\"].module.cloudrun_service_account[0]",
      "mode": "managed",
      "type": "google_service_account",
      "name": "service_accounts",
      "provider": "provider[\"registry.terraform.io/hashicorp/google\"]",
      "instances": [
        {
          "index_key": "data-service-sa",
          "schema_version": 0,
          "attributes": {
            "account_id": "data-service-sa",
            "description": "",
            "disabled": false,
            "display_name": "Terraform-managed service account",
            "email": "data-service-sa@rohan-orbit.iam.gserviceaccount.com",
            "id": "projects/rohan-orbit/serviceAccounts/data-service-sa@rohan-orbit.iam.gserviceaccount.com",
            "name": "projects/rohan-orbit/serviceAccounts/data-service-sa@rohan-orbit.iam.gserviceaccount.com",
            "project": "rohan-orbit",
            "timeouts": null,
            "unique_id": "108214466859425450525"
          },
          "sensitive_attributes": [],
          "private": "eyJlMmJmYjczMC1lY2FhLTExZTYtOGY4OC0zNDM2M2JjN2M0YzAiOnsiY3JlYXRlIjozMDAwMDAwMDAwMDB9fQ==",
          "dependencies": [
            "module.serverless_project_apis.data.google_compute_default_service_account.default",
            "module.serverless_project_apis.google_project_iam_member.project_service_identity_roles",
            "module.serverless_project_apis.google_project_service.project_services",
            "module.serverless_project_apis.google_project_service_identity.project_service_identities"
          ]
        }
      ]
    },
    {
      "module": "module.cloud_run[\"export-service\"]",
      "mode": "managed",
      "type": "google_cloud_run_service",
      "name": "main",
      "provider": "provider[\"registry.terraform.io/hashicorp/google-beta\"]",
      "instances": [
        {
          "status": "tainted",
          "schema_version": 2,
          "attributes": {
            "autogenerate_revision_name": true,
            "id": "locations/us-central1/namespaces/rohan-orbit/services/export-service",
            "location": "us-central1",
            "metadata": [
              {
                "annotations": {
                  "run.googleapis.com/ingress": "internal"
                },
                "effective_annotations": {
                  "run.googleapis.com/ingress": "internal"
                },
                "effective_labels": {},
                "generation": 0,
                "labels": null,
                "namespace": "",
                "resource_version": "",
                "self_link": "",
                "terraform_labels": {},
                "uid": ""
              }
            ],
            "name": "export-service",
            "project": "rohan-orbit",
            "status": null,
            "template": [
              {
                "metadata": [
                  {
                    "annotations": {
                      "autoscaling.knative.dev/maxScale": "2",
                      "autoscaling.knative.dev/minScale": "1",
                      "generated-by": "",
                      "run.googleapis.com/client-name": "terraform",
                      "run.googleapis.com/cpu-throttling": "",
                      "run.googleapis.com/startup-cpu-boost": "true",
                      "run.googleapis.com/vpc-access-connector": "dev_connector",
                      "run.googleapis.com/vpc-access-egress": "all-traffic"
                    },
                    "generation": 0,
                    "labels": {},
                    "name": "",
                    "namespace": "",
                    "resource_version": "",
                    "self_link": "",
                    "uid": ""
                  }
                ],
                "spec": [
                  {
                    "container_concurrency": 0,
                    "containers": [
                      {
                        "args": [],
                        "command": [],
                        "env": [
                          {
                            "name": "GEO_DB_DRIVER_CLASSNAME",
                            "value": "",
                            "value_from": [
                              {
                                "secret_key_ref": [
                                  {
                                    "key": "latest",
                                    "name": "geo_db_driver_classname"
                                  }
                                ]
                              }
                            ]
                          },
                          {
                            "name": "GEO_DB_PASSWORD",
                            "value": "",
                            "value_from": [
                              {
                                "secret_key_ref": [
                                  {
                                    "key": "latest",
                                    "name": "geo_db_password"
                                  }
                                ]
                              }
                            ]
                          },
                          {
                            "name": "GEO_DB_URL",
                            "value": "",
                            "value_from": [
                              {
                                "secret_key_ref": [
                                  {
                                    "key": "latest",
                                    "name": "geo_db_url"
                                  }
                                ]
                              }
                            ]
                          },
                          {
                            "name": "GEO_DB_USERNAME",
                            "value": "",
                            "value_from": [
                              {
                                "secret_key_ref": [
                                  {
                                    "key": "latest",
                                    "name": "geo_db_username"
                                  }
                                ]
                              }
                            ]
                          }
                        ],
                        "env_from": [],
                        "image": "us-central1-docker.pkg.dev/rohan-orbit/helloworld-repo/helloworld/latest",
                        "liveness_probe": [],
                        "name": "",
                        "ports": [
                          {
                            "container_port": 8082,
                            "name": "http1",
                            "protocol": ""
                          }
                        ],
                        "resources": [
                          {
                            "limits": {
                              "cpu": "2",
                              "memory": "4000M"
                            },
                            "requests": null
                          }
                        ],
                        "startup_probe": [],
                        "volume_mounts": [],
                        "working_dir": ""
                      }
                    ],
                    "service_account_name": "",
                    "serving_state": "",
                    "timeout_seconds": 120,
                    "volumes": []
                  }
                ]
              }
            ],
            "timeouts": null,
            "traffic": [
              {
                "latest_revision": true,
                "percent": 100,
                "revision_name": "",
                "tag": "",
                "url": ""
              }
            ]
          },
          "sensitive_attributes": [],
          "private": "eyJlMmJmYjczMC1lY2FhLTExZTYtOGY4OC0zNDM2M2JjN2M0YzAiOnsiY3JlYXRlIjoxMjAwMDAwMDAwMDAwLCJkZWxldGUiOjEyMDAwMDAwMDAwMDAsInVwZGF0ZSI6MTIwMDAwMDAwMDAwMH0sInNjaGVtYV92ZXJzaW9uIjoiMiJ9",
          "dependencies": [
            "module.serverless_project_apis.data.google_compute_default_service_account.default",
            "module.serverless_project_apis.google_project_iam_member.project_service_identity_roles",
            "module.serverless_project_apis.google_project_service.project_services",
            "module.serverless_project_apis.google_project_service_identity.project_service_identities"
          ]
        }
      ]
    },
    {
      "module": "module.cloud_run[\"ui-service\"]",
      "mode": "managed",
      "type": "google_cloud_run_service",
      "name": "main",
      "provider": "provider[\"registry.terraform.io/hashicorp/google-beta\"]",
      "instances": [
        {
          "status": "tainted",
          "schema_version": 2,
          "attributes": {
            "autogenerate_revision_name": true,
            "id": "locations/us-central1/namespaces/rohan-orbit/services/ui-service",
            "location": "us-central1",
            "metadata": [
              {
                "annotations": {
                  "run.googleapis.com/ingress": "internal-and-cloud-load-balancing"
                },
                "effective_annotations": {
                  "run.googleapis.com/ingress": "internal-and-cloud-load-balancing"
                },
                "effective_labels": {},
                "generation": 0,
                "labels": null,
                "namespace": "",
                "resource_version": "",
                "self_link": "",
                "terraform_labels": {},
                "uid": ""
              }
            ],
            "name": "ui-service",
            "project": "rohan-orbit",
            "status": null,
            "template": [
              {
                "metadata": [
                  {
                    "annotations": {
                      "autoscaling.knative.dev/maxScale": "2",
                      "autoscaling.knative.dev/minScale": "1",
                      "generated-by": "",
                      "run.googleapis.com/client-name": "terraform",
                      "run.googleapis.com/cpu-throttling": "",
                      "run.googleapis.com/startup-cpu-boost": "true",
                      "run.googleapis.com/vpc-access-connector": "dev_connector",
                      "run.googleapis.com/vpc-access-egress": "all-traffic"
                    },
                    "generation": 0,
                    "labels": {},
                    "name": "",
                    "namespace": "",
                    "resource_version": "",
                    "self_link": "",
                    "uid": ""
                  }
                ],
                "spec": [
                  {
                    "container_concurrency": 0,
                    "containers": [
                      {
                        "args": [],
                        "command": [],
                        "env": [
                          {
                            "name": "GEO_DB_DRIVER_CLASSNAME",
                            "value": "",
                            "value_from": [
                              {
                                "secret_key_ref": [
                                  {
                                    "key": "latest",
                                    "name": "geo_db_driver_classname"
                                  }
                                ]
                              }
                            ]
                          },
                          {
                            "name": "GEO_DB_PASSWORD",
                            "value": "",
                            "value_from": [
                              {
                                "secret_key_ref": [
                                  {
                                    "key": "latest",
                                    "name": "geo_db_password"
                                  }
                                ]
                              }
                            ]
                          },
                          {
                            "name": "GEO_DB_URL",
                            "value": "",
                            "value_from": [
                              {
                                "secret_key_ref": [
                                  {
                                    "key": "latest",
                                    "name": "geo_db_url"
                                  }
                                ]
                              }
                            ]
                          },
                          {
                            "name": "GEO_DB_USERNAME",
                            "value": "",
                            "value_from": [
                              {
                                "secret_key_ref": [
                                  {
                                    "key": "latest",
                                    "name": "geo_db_username"
                                  }
                                ]
                              }
                            ]
                          }
                        ],
                        "env_from": [],
                        "image": "us-central1-docker.pkg.dev/rohan-orbit/helloworld-repo/helloworld/latest",
                        "liveness_probe": [],
                        "name": "",
                        "ports": [
                          {
                            "container_port": 3000,
                            "name": "http1",
                            "protocol": ""
                          }
                        ],
                        "resources": [
                          {
                            "limits": {
                              "cpu": "2",
                              "memory": "4000M"
                            },
                            "requests": null
                          }
                        ],
                        "startup_probe": [],
                        "volume_mounts": [],
                        "working_dir": ""
                      }
                    ],
                    "service_account_name": "",
                    "serving_state": "",
                    "timeout_seconds": 120,
                    "volumes": []
                  }
                ]
              }
            ],
            "timeouts": null,
            "traffic": [
              {
                "latest_revision": true,
                "percent": 100,
                "revision_name": "",
                "tag": "",
                "url": ""
              }
            ]
          },
          "sensitive_attributes": [],
          "private": "eyJlMmJmYjczMC1lY2FhLTExZTYtOGY4OC0zNDM2M2JjN2M0YzAiOnsiY3JlYXRlIjoxMjAwMDAwMDAwMDAwLCJkZWxldGUiOjEyMDAwMDAwMDAwMDAsInVwZGF0ZSI6MTIwMDAwMDAwMDAwMH0sInNjaGVtYV92ZXJzaW9uIjoiMiJ9",
          "dependencies": [
            "module.serverless_project_apis.data.google_compute_default_service_account.default",
            "module.serverless_project_apis.google_project_iam_member.project_service_identity_roles",
            "module.serverless_project_apis.google_project_service.project_services",
            "module.serverless_project_apis.google_project_service_identity.project_service_identities"
          ]
        }
      ]
    },
    {
      "module": "module.cloud_run[\"ui-service\"].module.cloudrun_service_account[0]",
      "mode": "managed",
      "type": "google_project_iam_member",
      "name": "project-roles",
      "provider": "provider[\"registry.terraform.io/hashicorp/google\"]",
      "instances": [
        {
          "index_key": "ui-service-sa-rohan-orbit=\u003eroles/errorreporting.writer",
          "schema_version": 0,
          "attributes": {
            "condition": [],
            "etag": "BwYW6w1ujBE=",
            "id": "rohan-orbit/roles/errorreporting.writer/serviceAccount:ui-service-sa@rohan-orbit.iam.gserviceaccount.com",
            "member": "serviceAccount:ui-service-sa@rohan-orbit.iam.gserviceaccount.com",
            "project": "rohan-orbit",
            "role": "roles/errorreporting.writer"
          },
          "sensitive_attributes": [],
          "private": "bnVsbA==",
          "dependencies": [
            "module.cloud_run.module.cloudrun_service_account.google_service_account.service_accounts",
            "module.serverless_project_apis.data.google_compute_default_service_account.default",
            "module.serverless_project_apis.google_project_iam_member.project_service_identity_roles",
            "module.serverless_project_apis.google_project_service.project_services",
            "module.serverless_project_apis.google_project_service_identity.project_service_identities"
          ]
        },
        {
          "index_key": "ui-service-sa-rohan-orbit=\u003eroles/secretmanager.secretAccessor",
          "schema_version": 0,
          "attributes": {
            "condition": [],
            "etag": "BwYW6w1ujBE=",
            "id": "rohan-orbit/roles/secretmanager.secretAccessor/serviceAccount:ui-service-sa@rohan-orbit.iam.gserviceaccount.com",
            "member": "serviceAccount:ui-service-sa@rohan-orbit.iam.gserviceaccount.com",
            "project": "rohan-orbit",
            "role": "roles/secretmanager.secretAccessor"
          },
          "sensitive_attributes": [],
          "private": "bnVsbA==",
          "dependencies": [
            "module.cloud_run.module.cloudrun_service_account.google_service_account.service_accounts",
            "module.serverless_project_apis.data.google_compute_default_service_account.default",
            "module.serverless_project_apis.google_project_iam_member.project_service_identity_roles",
            "module.serverless_project_apis.google_project_service.project_services",
            "module.serverless_project_apis.google_project_service_identity.project_service_identities"
          ]
        }
      ]
    },
    {
      "module": "module.cloud_run[\"ui-service\"].module.cloudrun_service_account[0]",
      "mode": "managed",
      "type": "google_service_account",
      "name": "service_accounts",
      "provider": "provider[\"registry.terraform.io/hashicorp/google\"]",
      "instances": [
        {
          "index_key": "ui-service-sa",
          "schema_version": 0,
          "attributes": {
            "account_id": "ui-service-sa",
            "description": "",
            "disabled": false,
            "display_name": "Terraform-managed service account",
            "email": "ui-service-sa@rohan-orbit.iam.gserviceaccount.com",
            "id": "projects/rohan-orbit/serviceAccounts/ui-service-sa@rohan-orbit.iam.gserviceaccount.com",
            "name": "projects/rohan-orbit/serviceAccounts/ui-service-sa@rohan-orbit.iam.gserviceaccount.com",
            "project": "rohan-orbit",
            "timeouts": null,
            "unique_id": "103210774690499485986"
          },
          "sensitive_attributes": [],
          "private": "eyJlMmJmYjczMC1lY2FhLTExZTYtOGY4OC0zNDM2M2JjN2M0YzAiOnsiY3JlYXRlIjozMDAwMDAwMDAwMDB9fQ==",
          "dependencies": [
            "module.serverless_project_apis.data.google_compute_default_service_account.default",
            "module.serverless_project_apis.google_project_iam_member.project_service_identity_roles",
            "module.serverless_project_apis.google_project_service.project_services",
            "module.serverless_project_apis.google_project_service_identity.project_service_identities"
          ]
        }
      ]
    },
    {
      "module": "module.cloud_run[\"user-service\"]",
      "mode": "managed",
      "type": "google_cloud_run_service",
      "name": "main",
      "provider": "provider[\"registry.terraform.io/hashicorp/google-beta\"]",
      "instances": [
        {
          "status": "tainted",
          "schema_version": 2,
          "attributes": {
            "autogenerate_revision_name": true,
            "id": "locations/us-central1/namespaces/rohan-orbit/services/user-service",
            "location": "us-central1",
            "metadata": [
              {
                "annotations": {
                  "run.googleapis.com/ingress": "internal"
                },
                "effective_annotations": {
                  "run.googleapis.com/ingress": "internal"
                },
                "effective_labels": {},
                "generation": 0,
                "labels": null,
                "namespace": "",
                "resource_version": "",
                "self_link": "",
                "terraform_labels": {},
                "uid": ""
              }
            ],
            "name": "user-service",
            "project": "rohan-orbit",
            "status": null,
            "template": [
              {
                "metadata": [
                  {
                    "annotations": {
                      "autoscaling.knative.dev/maxScale": "2",
                      "autoscaling.knative.dev/minScale": "1",
                      "generated-by": "",
                      "run.googleapis.com/client-name": "terraform",
                      "run.googleapis.com/cpu-throttling": "",
                      "run.googleapis.com/startup-cpu-boost": "true",
                      "run.googleapis.com/vpc-access-connector": "dev_connector",
                      "run.googleapis.com/vpc-access-egress": "all-traffic"
                    },
                    "generation": 0,
                    "labels": {},
                    "name": "",
                    "namespace": "",
                    "resource_version": "",
                    "self_link": "",
                    "uid": ""
                  }
                ],
                "spec": [
                  {
                    "container_concurrency": 0,
                    "containers": [
                      {
                        "args": [],
                        "command": [],
                        "env": [
                          {
                            "name": "GEO_DB_DRIVER_CLASSNAME",
                            "value": "",
                            "value_from": [
                              {
                                "secret_key_ref": [
                                  {
                                    "key": "latest",
                                    "name": "geo_db_driver_classname"
                                  }
                                ]
                              }
                            ]
                          },
                          {
                            "name": "GEO_DB_PASSWORD",
                            "value": "",
                            "value_from": [
                              {
                                "secret_key_ref": [
                                  {
                                    "key": "latest",
                                    "name": "geo_db_password"
                                  }
                                ]
                              }
                            ]
                          },
                          {
                            "name": "GEO_DB_URL",
                            "value": "",
                            "value_from": [
                              {
                                "secret_key_ref": [
                                  {
                                    "key": "latest",
                                    "name": "geo_db_url"
                                  }
                                ]
                              }
                            ]
                          },
                          {
                            "name": "GEO_DB_USERNAME",
                            "value": "",
                            "value_from": [
                              {
                                "secret_key_ref": [
                                  {
                                    "key": "latest",
                                    "name": "geo_db_username"
                                  }
                                ]
                              }
                            ]
                          }
                        ],
                        "env_from": [],
                        "image": "us-central1-docker.pkg.dev/rohan-orbit/helloworld-repo/helloworld/latest",
                        "liveness_probe": [],
                        "name": "",
                        "ports": [
                          {
                            "container_port": 8083,
                            "name": "http1",
                            "protocol": ""
                          }
                        ],
                        "resources": [
                          {
                            "limits": {
                              "cpu": "2",
                              "memory": "4000M"
                            },
                            "requests": null
                          }
                        ],
                        "startup_probe": [],
                        "volume_mounts": [],
                        "working_dir": ""
                      }
                    ],
                    "service_account_name": "",
                    "serving_state": "",
                    "timeout_seconds": 120,
                    "volumes": []
                  }
                ]
              }
            ],
            "timeouts": null,
            "traffic": [
              {
                "latest_revision": true,
                "percent": 100,
                "revision_name": "",
                "tag": "",
                "url": ""
              }
            ]
          },
          "sensitive_attributes": [],
          "private": "eyJlMmJmYjczMC1lY2FhLTExZTYtOGY4OC0zNDM2M2JjN2M0YzAiOnsiY3JlYXRlIjoxMjAwMDAwMDAwMDAwLCJkZWxldGUiOjEyMDAwMDAwMDAwMDAsInVwZGF0ZSI6MTIwMDAwMDAwMDAwMH0sInNjaGVtYV92ZXJzaW9uIjoiMiJ9",
          "dependencies": [
            "module.serverless_project_apis.data.google_compute_default_service_account.default",
            "module.serverless_project_apis.google_project_iam_member.project_service_identity_roles",
            "module.serverless_project_apis.google_project_service.project_services",
            "module.serverless_project_apis.google_project_service_identity.project_service_identities"
          ]
        }
      ]
    },
    {
      "module": "module.cloud_run[\"user-service\"].module.cloudrun_service_account[0]",
      "mode": "managed",
      "type": "google_project_iam_member",
      "name": "project-roles",
      "provider": "provider[\"registry.terraform.io/hashicorp/google\"]",
      "instances": [
        {
          "index_key": "user-service-sa-rohan-orbit=\u003eroles/errorreporting.writer",
          "schema_version": 0,
          "attributes": {
            "condition": [],
            "etag": "BwYW6w1ujBE=",
            "id": "rohan-orbit/roles/errorreporting.writer/serviceAccount:user-service-sa@rohan-orbit.iam.gserviceaccount.com",
            "member": "serviceAccount:user-service-sa@rohan-orbit.iam.gserviceaccount.com",
            "project": "rohan-orbit",
            "role": "roles/errorreporting.writer"
          },
          "sensitive_attributes": [],
          "private": "bnVsbA==",
          "dependencies": [
            "module.cloud_run.module.cloudrun_service_account.google_service_account.service_accounts",
            "module.serverless_project_apis.data.google_compute_default_service_account.default",
            "module.serverless_project_apis.google_project_iam_member.project_service_identity_roles",
            "module.serverless_project_apis.google_project_service.project_services",
            "module.serverless_project_apis.google_project_service_identity.project_service_identities"
          ]
        },
        {
          "index_key": "user-service-sa-rohan-orbit=\u003eroles/secretmanager.secretAccessor",
          "schema_version": 0,
          "attributes": {
            "condition": [],
            "etag": "BwYW6w1ujBE=",
            "id": "rohan-orbit/roles/secretmanager.secretAccessor/serviceAccount:user-service-sa@rohan-orbit.iam.gserviceaccount.com",
            "member": "serviceAccount:user-service-sa@rohan-orbit.iam.gserviceaccount.com",
            "project": "rohan-orbit",
            "role": "roles/secretmanager.secretAccessor"
          },
          "sensitive_attributes": [],
          "private": "bnVsbA==",
          "dependencies": [
            "module.cloud_run.module.cloudrun_service_account.google_service_account.service_accounts",
            "module.serverless_project_apis.data.google_compute_default_service_account.default",
            "module.serverless_project_apis.google_project_iam_member.project_service_identity_roles",
            "module.serverless_project_apis.google_project_service.project_services",
            "module.serverless_project_apis.google_project_service_identity.project_service_identities"
          ]
        }
      ]
    },
    {
      "module": "module.cloud_run[\"user-service\"].module.cloudrun_service_account[0]",
      "mode": "managed",
      "type": "google_service_account",
      "name": "service_accounts",
      "provider": "provider[\"registry.terraform.io/hashicorp/google\"]",
      "instances": [
        {
          "index_key": "user-service-sa",
          "schema_version": 0,
          "attributes": {
            "account_id": "user-service-sa",
            "description": "",
            "disabled": false,
            "display_name": "Terraform-managed service account",
            "email": "user-service-sa@rohan-orbit.iam.gserviceaccount.com",
            "id": "projects/rohan-orbit/serviceAccounts/user-service-sa@rohan-orbit.iam.gserviceaccount.com",
            "name": "projects/rohan-orbit/serviceAccounts/user-service-sa@rohan-orbit.iam.gserviceaccount.com",
            "project": "rohan-orbit",
            "timeouts": null,
            "unique_id": "100851672945034202831"
          },
          "sensitive_attributes": [],
          "private": "eyJlMmJmYjczMC1lY2FhLTExZTYtOGY4OC0zNDM2M2JjN2M0YzAiOnsiY3JlYXRlIjozMDAwMDAwMDAwMDB9fQ==",
          "dependencies": [
            "module.serverless_project_apis.data.google_compute_default_service_account.default",
            "module.serverless_project_apis.google_project_iam_member.project_service_identity_roles",
            "module.serverless_project_apis.google_project_service.project_services",
            "module.serverless_project_apis.google_project_service_identity.project_service_identities"
          ]
        }
      ]
    },
    {
      "module": "module.serverless_project_apis",
      "mode": "managed",
      "type": "google_project_service",
      "name": "project_services",
      "provider": "provider[\"registry.terraform.io/hashicorp/google\"]",
      "instances": [
        {
          "index_key": "cloudkms.googleapis.com",
          "schema_version": 0,
          "attributes": {
            "disable_dependent_services": true,
            "disable_on_destroy": false,
            "id": "rohan-orbit/cloudkms.googleapis.com",
            "project": "rohan-orbit",
            "service": "cloudkms.googleapis.com",
            "timeouts": null
          },
          "sensitive_attributes": [],
          "private": "eyJlMmJmYjczMC1lY2FhLTExZTYtOGY4OC0zNDM2M2JjN2M0YzAiOnsiY3JlYXRlIjoxMjAwMDAwMDAwMDAwLCJkZWxldGUiOjEyMDAwMDAwMDAwMDAsInJlYWQiOjYwMDAwMDAwMDAwMCwidXBkYXRlIjoxMjAwMDAwMDAwMDAwfX0="
        },
        {
          "index_key": "compute.googleapis.com",
          "schema_version": 0,
          "attributes": {
            "disable_dependent_services": true,
            "disable_on_destroy": false,
            "id": "rohan-orbit/compute.googleapis.com",
            "project": "rohan-orbit",
            "service": "compute.googleapis.com",
            "timeouts": null
          },
          "sensitive_attributes": [],
          "private": "eyJlMmJmYjczMC1lY2FhLTExZTYtOGY4OC0zNDM2M2JjN2M0YzAiOnsiY3JlYXRlIjoxMjAwMDAwMDAwMDAwLCJkZWxldGUiOjEyMDAwMDAwMDAwMDAsInJlYWQiOjYwMDAwMDAwMDAwMCwidXBkYXRlIjoxMjAwMDAwMDAwMDAwfX0="
        },
        {
          "index_key": "container.googleapis.com",
          "schema_version": 0,
          "attributes": {
            "disable_dependent_services": true,
            "disable_on_destroy": false,
            "id": "rohan-orbit/container.googleapis.com",
            "project": "rohan-orbit",
            "service": "container.googleapis.com",
            "timeouts": null
          },
          "sensitive_attributes": [],
          "private": "eyJlMmJmYjczMC1lY2FhLTExZTYtOGY4OC0zNDM2M2JjN2M0YzAiOnsiY3JlYXRlIjoxMjAwMDAwMDAwMDAwLCJkZWxldGUiOjEyMDAwMDAwMDAwMDAsInJlYWQiOjYwMDAwMDAwMDAwMCwidXBkYXRlIjoxMjAwMDAwMDAwMDAwfX0="
        },
        {
          "index_key": "run.googleapis.com",
          "schema_version": 0,
          "attributes": {
            "disable_dependent_services": true,
            "disable_on_destroy": false,
            "id": "rohan-orbit/run.googleapis.com",
            "project": "rohan-orbit",
            "service": "run.googleapis.com",
            "timeouts": null
          },
          "sensitive_attributes": [],
          "private": "eyJlMmJmYjczMC1lY2FhLTExZTYtOGY4OC0zNDM2M2JjN2M0YzAiOnsiY3JlYXRlIjoxMjAwMDAwMDAwMDAwLCJkZWxldGUiOjEyMDAwMDAwMDAwMDAsInJlYWQiOjYwMDAwMDAwMDAwMCwidXBkYXRlIjoxMjAwMDAwMDAwMDAwfX0="
        },
        {
          "index_key": "vpcaccess.googleapis.com",
          "schema_version": 0,
          "attributes": {
            "disable_dependent_services": true,
            "disable_on_destroy": false,
            "id": "rohan-orbit/vpcaccess.googleapis.com",
            "project": "rohan-orbit",
            "service": "vpcaccess.googleapis.com",
            "timeouts": null
          },
          "sensitive_attributes": [],
          "private": "eyJlMmJmYjczMC1lY2FhLTExZTYtOGY4OC0zNDM2M2JjN2M0YzAiOnsiY3JlYXRlIjoxMjAwMDAwMDAwMDAwLCJkZWxldGUiOjEyMDAwMDAwMDAwMDAsInJlYWQiOjYwMDAwMDAwMDAwMCwidXBkYXRlIjoxMjAwMDAwMDAwMDAwfX0="
        }
      ]
    },
    {
      "module": "module.serverless_project_apis",
      "mode": "managed",
      "type": "google_project_service_identity",
      "name": "project_service_identities",
      "provider": "provider[\"registry.terraform.io/hashicorp/google-beta\"]",
      "instances": []
    }
  ],
  "check_results": null
}
